// !$*UTF8*$!
{
	archiveVersion = 1;
	classes = {
	};
	objectVersion = 50;
	objects = {

/* Begin PBXBuildFile section */
		022662962147F6C600183C67 /* AppDelegate.swift in Sources */ = {isa = PBXBuildFile; fileRef = 022662952147F6C600183C67 /* AppDelegate.swift */; };
		022662982147F6C600183C67 /* ViewController.swift in Sources */ = {isa = PBXBuildFile; fileRef = 022662972147F6C600183C67 /* ViewController.swift */; };
		0226629B2147F6C600183C67 /* Main.storyboard in Resources */ = {isa = PBXBuildFile; fileRef = 022662992147F6C600183C67 /* Main.storyboard */; };
		0226629D2147F6CA00183C67 /* Assets.xcassets in Resources */ = {isa = PBXBuildFile; fileRef = 0226629C2147F6CA00183C67 /* Assets.xcassets */; };
		022662A02147F6CA00183C67 /* LaunchScreen.storyboard in Resources */ = {isa = PBXBuildFile; fileRef = 0226629E2147F6CA00183C67 /* LaunchScreen.storyboard */; };
		025053C22147FA670087243D /* HJRestClientExecutor.swift in Sources */ = {isa = PBXBuildFile; fileRef = 025053C02147FA670087243D /* HJRestClientExecutor.swift */; };
		025053C32147FA670087243D /* HJRestClientManager.swift in Sources */ = {isa = PBXBuildFile; fileRef = 025053C12147FA670087243D /* HJRestClientManager.swift */; };
		276D4E5D227AB60D00A9A2A5 /* HJRestClientDogma.swift in Sources */ = {isa = PBXBuildFile; fileRef = 276D4E5C227AB60D00A9A2A5 /* HJRestClientDogma.swift */; };
		276D4E5F228139C000A9A2A5 /* SampleDogma.swift in Sources */ = {isa = PBXBuildFile; fileRef = 276D4E5E228139C000A9A2A5 /* SampleDogma.swift */; };
		279503C7235EE0ED004CE5DD /* dummy0.json in Resources */ = {isa = PBXBuildFile; fileRef = 279503C5235EE0ED004CE5DD /* dummy0.json */; };
		27B585B621FFDAC600D75AA9 /* ResponseModelA.m in Sources */ = {isa = PBXBuildFile; fileRef = 27B585B521FFDAC600D75AA9 /* ResponseModelA.m */; };
		27B585B921FFFE0400D75AA9 /* RequestModelA.m in Sources */ = {isa = PBXBuildFile; fileRef = 27B585B821FFFE0400D75AA9 /* RequestModelA.m */; };
		27B585BB22003D0B00D75AA9 /* ResponseModelB.swift in Sources */ = {isa = PBXBuildFile; fileRef = 27B585BA22003D0B00D75AA9 /* ResponseModelB.swift */; };
		27B585BD2201167400D75AA9 /* RequestModelB.swift in Sources */ = {isa = PBXBuildFile; fileRef = 27B585BC2201167400D75AA9 /* RequestModelB.swift */; };
		B5FCFCB678D2FC73FD5F4EF2 /* libPods-SimpleClient.a in Frameworks */ = {isa = PBXBuildFile; fileRef = 51C033857007708D18D61D4C /* libPods-SimpleClient.a */; };
/* End PBXBuildFile section */

/* Begin PBXFileReference section */
		022662922147F6C600183C67 /* SimpleClient.app */ = {isa = PBXFileReference; explicitFileType = wrapper.application; includeInIndex = 0; path = SimpleClient.app; sourceTree = BUILT_PRODUCTS_DIR; };
		022662952147F6C600183C67 /* AppDelegate.swift */ = {isa = PBXFileReference; lastKnownFileType = sourcecode.swift; path = AppDelegate.swift; sourceTree = "<group>"; };
		022662972147F6C600183C67 /* ViewController.swift */ = {isa = PBXFileReference; lastKnownFileType = sourcecode.swift; path = ViewController.swift; sourceTree = "<group>"; };
		0226629A2147F6C600183C67 /* Base */ = {isa = PBXFileReference; lastKnownFileType = file.storyboard; name = Base; path = Base.lproj/Main.storyboard; sourceTree = "<group>"; };
		0226629C2147F6CA00183C67 /* Assets.xcassets */ = {isa = PBXFileReference; lastKnownFileType = folder.assetcatalog; path = Assets.xcassets; sourceTree = "<group>"; };
		0226629F2147F6CA00183C67 /* Base */ = {isa = PBXFileReference; lastKnownFileType = file.storyboard; name = Base; path = Base.lproj/LaunchScreen.storyboard; sourceTree = "<group>"; };
		022662A12147F6CA00183C67 /* Info.plist */ = {isa = PBXFileReference; lastKnownFileType = text.plist.xml; path = Info.plist; sourceTree = "<group>"; };
		025053C02147FA670087243D /* HJRestClientExecutor.swift */ = {isa = PBXFileReference; fileEncoding = 4; lastKnownFileType = sourcecode.swift; name = HJRestClientExecutor.swift; path = ../../../Sources/HJRestClientExecutor.swift; sourceTree = "<group>"; };
		025053C12147FA670087243D /* HJRestClientManager.swift */ = {isa = PBXFileReference; fileEncoding = 4; lastKnownFileType = sourcecode.swift; name = HJRestClientManager.swift; path = ../../../Sources/HJRestClientManager.swift; sourceTree = "<group>"; };
		025053C42147FAC40087243D /* SimpleClient-Bridging-Header.h */ = {isa = PBXFileReference; lastKnownFileType = sourcecode.c.h; path = "SimpleClient-Bridging-Header.h"; sourceTree = "<group>"; };
		276D4E5C227AB60D00A9A2A5 /* HJRestClientDogma.swift */ = {isa = PBXFileReference; lastKnownFileType = sourcecode.swift; name = HJRestClientDogma.swift; path = ../../../Sources/HJRestClientDogma.swift; sourceTree = "<group>"; };
		276D4E5E228139C000A9A2A5 /* SampleDogma.swift */ = {isa = PBXFileReference; fileEncoding = 4; lastKnownFileType = sourcecode.swift; path = SampleDogma.swift; sourceTree = "<group>"; };
		279503C5235EE0ED004CE5DD /* dummy0.json */ = {isa = PBXFileReference; fileEncoding = 4; lastKnownFileType = text.json; path = dummy0.json; sourceTree = "<group>"; };
		27B585B421FFDAC600D75AA9 /* ResponseModelA.h */ = {isa = PBXFileReference; lastKnownFileType = sourcecode.c.h; path = ResponseModelA.h; sourceTree = "<group>"; };
		27B585B521FFDAC600D75AA9 /* ResponseModelA.m */ = {isa = PBXFileReference; lastKnownFileType = sourcecode.c.objc; path = ResponseModelA.m; sourceTree = "<group>"; };
		27B585B721FFFE0400D75AA9 /* RequestModelA.h */ = {isa = PBXFileReference; lastKnownFileType = sourcecode.c.h; path = RequestModelA.h; sourceTree = "<group>"; };
		27B585B821FFFE0400D75AA9 /* RequestModelA.m */ = {isa = PBXFileReference; lastKnownFileType = sourcecode.c.objc; path = RequestModelA.m; sourceTree = "<group>"; };
		27B585BA22003D0B00D75AA9 /* ResponseModelB.swift */ = {isa = PBXFileReference; lastKnownFileType = sourcecode.swift; path = ResponseModelB.swift; sourceTree = "<group>"; };
		27B585BC2201167400D75AA9 /* RequestModelB.swift */ = {isa = PBXFileReference; lastKnownFileType = sourcecode.swift; path = RequestModelB.swift; sourceTree = "<group>"; };
		4748FCA1436EE309F98FBCFF /* Pods-SimpleClient.debug.xcconfig */ = {isa = PBXFileReference; includeInIndex = 1; lastKnownFileType = text.xcconfig; name = "Pods-SimpleClient.debug.xcconfig"; path = "../Pods/Target Support Files/Pods-SimpleClient/Pods-SimpleClient.debug.xcconfig"; sourceTree = "<group>"; };
		51C033857007708D18D61D4C /* libPods-SimpleClient.a */ = {isa = PBXFileReference; explicitFileType = archive.ar; includeInIndex = 0; path = "libPods-SimpleClient.a"; sourceTree = BUILT_PRODUCTS_DIR; };
		CF389C5779703EF5D5E7499E /* Pods-SimpleClient.release.xcconfig */ = {isa = PBXFileReference; includeInIndex = 1; lastKnownFileType = text.xcconfig; name = "Pods-SimpleClient.release.xcconfig"; path = "../Pods/Target Support Files/Pods-SimpleClient/Pods-SimpleClient.release.xcconfig"; sourceTree = "<group>"; };
/* End PBXFileReference section */

/* Begin PBXFrameworksBuildPhase section */
		0226628F2147F6C600183C67 /* Frameworks */ = {
			isa = PBXFrameworksBuildPhase;
			buildActionMask = 2147483647;
			files = (
				B5FCFCB678D2FC73FD5F4EF2 /* libPods-SimpleClient.a in Frameworks */,
			);
			runOnlyForDeploymentPostprocessing = 0;
		};
/* End PBXFrameworksBuildPhase section */

/* Begin PBXGroup section */
		022662892147F6C600183C67 = {
			isa = PBXGroup;
			children = (
				022662942147F6C600183C67 /* SimpleClient */,
				025053BF2147FA410087243D /* Sources */,
				022662932147F6C600183C67 /* Products */,
				98566BD04C80548D9A27D633 /* Pods */,
				1C3D97DB4F5A68904080AA31 /* Frameworks */,
			);
			sourceTree = "<group>";
		};
		022662932147F6C600183C67 /* Products */ = {
			isa = PBXGroup;
			children = (
				022662922147F6C600183C67 /* SimpleClient.app */,
			);
			name = Products;
			sourceTree = "<group>";
		};
		022662942147F6C600183C67 /* SimpleClient */ = {
			isa = PBXGroup;
			children = (
				022662952147F6C600183C67 /* AppDelegate.swift */,
				022662972147F6C600183C67 /* ViewController.swift */,
				276D4E5E228139C000A9A2A5 /* SampleDogma.swift */,
				022662992147F6C600183C67 /* Main.storyboard */,
				0226629C2147F6CA00183C67 /* Assets.xcassets */,
				0226629E2147F6CA00183C67 /* LaunchScreen.storyboard */,
				022662A12147F6CA00183C67 /* Info.plist */,
				025053C42147FAC40087243D /* SimpleClient-Bridging-Header.h */,
				27B585B421FFDAC600D75AA9 /* ResponseModelA.h */,
				27B585B521FFDAC600D75AA9 /* ResponseModelA.m */,
				27B585B721FFFE0400D75AA9 /* RequestModelA.h */,
				27B585B821FFFE0400D75AA9 /* RequestModelA.m */,
				27B585BA22003D0B00D75AA9 /* ResponseModelB.swift */,
				27B585BC2201167400D75AA9 /* RequestModelB.swift */,
				279503C5235EE0ED004CE5DD /* dummy0.json */,
			);
			path = SimpleClient;
			sourceTree = "<group>";
		};
		025053BF2147FA410087243D /* Sources */ = {
			isa = PBXGroup;
			children = (
				025053C12147FA670087243D /* HJRestClientManager.swift */,
				025053C02147FA670087243D /* HJRestClientExecutor.swift */,
				276D4E5C227AB60D00A9A2A5 /* HJRestClientDogma.swift */,
			);
			name = Sources;
			sourceTree = "<group>";
		};
		1C3D97DB4F5A68904080AA31 /* Frameworks */ = {
			isa = PBXGroup;
			children = (
				51C033857007708D18D61D4C /* libPods-SimpleClient.a */,
			);
			name = Frameworks;
			sourceTree = "<group>";
		};
		98566BD04C80548D9A27D633 /* Pods */ = {
			isa = PBXGroup;
			children = (
				4748FCA1436EE309F98FBCFF /* Pods-SimpleClient.debug.xcconfig */,
				CF389C5779703EF5D5E7499E /* Pods-SimpleClient.release.xcconfig */,
			);
			name = Pods;
			sourceTree = "<group>";
		};
/* End PBXGroup section */

/* Begin PBXNativeTarget section */
		022662912147F6C600183C67 /* SimpleClient */ = {
			isa = PBXNativeTarget;
			buildConfigurationList = 022662A42147F6CA00183C67 /* Build configuration list for PBXNativeTarget "SimpleClient" */;
			buildPhases = (
				139FE98AFE8A7ECA04719B4C /* [CP] Check Pods Manifest.lock */,
				0226628E2147F6C600183C67 /* Sources */,
				0226628F2147F6C600183C67 /* Frameworks */,
				022662902147F6C600183C67 /* Resources */,
			);
			buildRules = (
			);
			dependencies = (
			);
			name = SimpleClient;
			productName = SimpleClient;
			productReference = 022662922147F6C600183C67 /* SimpleClient.app */;
			productType = "com.apple.product-type.application";
		};
/* End PBXNativeTarget section */

/* Begin PBXProject section */
		0226628A2147F6C600183C67 /* Project object */ = {
			isa = PBXProject;
			attributes = {
				LastSwiftUpdateCheck = 0940;
				LastUpgradeCheck = 0940;
				ORGANIZATIONNAME = "TAE HYUN NA";
				TargetAttributes = {
					022662912147F6C600183C67 = {
						CreatedOnToolsVersion = 9.4.1;
						LastSwiftMigration = 0940;
					};
				};
			};
			buildConfigurationList = 0226628D2147F6C600183C67 /* Build configuration list for PBXProject "SimpleClient" */;
			compatibilityVersion = "Xcode 9.3";
			developmentRegion = en;
			hasScannedForEncodings = 0;
			knownRegions = (
				en,
				Base,
			);
			mainGroup = 022662892147F6C600183C67;
			productRefGroup = 022662932147F6C600183C67 /* Products */;
			projectDirPath = "";
			projectRoot = "";
			targets = (
				022662912147F6C600183C67 /* SimpleClient */,
			);
		};
/* End PBXProject section */

/* Begin PBXResourcesBuildPhase section */
		022662902147F6C600183C67 /* Resources */ = {
			isa = PBXResourcesBuildPhase;
			buildActionMask = 2147483647;
			files = (
				022662A02147F6CA00183C67 /* LaunchScreen.storyboard in Resources */,
				0226629D2147F6CA00183C67 /* Assets.xcassets in Resources */,
				0226629B2147F6C600183C67 /* Main.storyboard in Resources */,
				279503C7235EE0ED004CE5DD /* dummy0.json in Resources */,
			);
			runOnlyForDeploymentPostprocessing = 0;
		};
/* End PBXResourcesBuildPhase section */

/* Begin PBXShellScriptBuildPhase section */
		139FE98AFE8A7ECA04719B4C /* [CP] Check Pods Manifest.lock */ = {
			isa = PBXShellScriptBuildPhase;
			buildActionMask = 2147483647;
			files = (
			);
			inputPaths = (
				"${PODS_PODFILE_DIR_PATH}/Podfile.lock",
				"${PODS_ROOT}/Manifest.lock",
			);
			name = "[CP] Check Pods Manifest.lock";
			outputPaths = (
				"$(DERIVED_FILE_DIR)/Pods-SimpleClient-checkManifestLockResult.txt",
			);
			runOnlyForDeploymentPostprocessing = 0;
			shellPath = /bin/sh;
			shellScript = "diff \"${PODS_PODFILE_DIR_PATH}/Podfile.lock\" \"${PODS_ROOT}/Manifest.lock\" > /dev/null\nif [ $? != 0 ] ; then\n    # print error to STDERR\n    echo \"error: The sandbox is not in sync with the Podfile.lock. Run 'pod install' or update your CocoaPods installation.\" >&2\n    exit 1\nfi\n# This output is used by Xcode 'outputs' to avoid re-running this script phase.\necho \"SUCCESS\" > \"${SCRIPT_OUTPUT_FILE_0}\"\n";
			showEnvVarsInLog = 0;
		};
/* End PBXShellScriptBuildPhase section */

/* Begin PBXSourcesBuildPhase section */
		0226628E2147F6C600183C67 /* Sources */ = {
			isa = PBXSourcesBuildPhase;
			buildActionMask = 2147483647;
			files = (
				27B585BD2201167400D75AA9 /* RequestModelB.swift in Sources */,
				27B585B621FFDAC600D75AA9 /* ResponseModelA.m in Sources */,
				27B585BB22003D0B00D75AA9 /* ResponseModelB.swift in Sources */,
				022662982147F6C600183C67 /* ViewController.swift in Sources */,
				022662962147F6C600183C67 /* AppDelegate.swift in Sources */,
				276D4E5D227AB60D00A9A2A5 /* HJRestClientDogma.swift in Sources */,
				025053C32147FA670087243D /* HJRestClientManager.swift in Sources */,
				025053C22147FA670087243D /* HJRestClientExecutor.swift in Sources */,
				276D4E5F228139C000A9A2A5 /* SampleDogma.swift in Sources */,
				27B585B921FFFE0400D75AA9 /* RequestModelA.m in Sources */,
			);
			runOnlyForDeploymentPostprocessing = 0;
		};
/* End PBXSourcesBuildPhase section */

/* Begin PBXVariantGroup section */
		022662992147F6C600183C67 /* Main.storyboard */ = {
			isa = PBXVariantGroup;
			children = (
				0226629A2147F6C600183C67 /* Base */,
			);
			name = Main.storyboard;
			sourceTree = "<group>";
		};
		0226629E2147F6CA00183C67 /* LaunchScreen.storyboard */ = {
			isa = PBXVariantGroup;
			children = (
				0226629F2147F6CA00183C67 /* Base */,
			);
			name = LaunchScreen.storyboard;
			sourceTree = "<group>";
		};
/* End PBXVariantGroup section */

/* Begin XCBuildConfiguration section */
		022662A22147F6CA00183C67 /* Debug */ = {
			isa = XCBuildConfiguration;
			buildSettings = {
				ALWAYS_SEARCH_USER_PATHS = NO;
				CLANG_ANALYZER_NONNULL = YES;
				CLANG_ANALYZER_NUMBER_OBJECT_CONVERSION = YES_AGGRESSIVE;
				CLANG_CXX_LANGUAGE_STANDARD = "gnu++14";
				CLANG_CXX_LIBRARY = "libc++";
				CLANG_ENABLE_MODULES = YES;
				CLANG_ENABLE_OBJC_ARC = YES;
				CLANG_ENABLE_OBJC_WEAK = YES;
				CLANG_WARN_BLOCK_CAPTURE_AUTORELEASING = YES;
				CLANG_WARN_BOOL_CONVERSION = YES;
				CLANG_WARN_COMMA = YES;
				CLANG_WARN_CONSTANT_CONVERSION = YES;
				CLANG_WARN_DEPRECATED_OBJC_IMPLEMENTATIONS = YES;
				CLANG_WARN_DIRECT_OBJC_ISA_USAGE = YES_ERROR;
				CLANG_WARN_DOCUMENTATION_COMMENTS = YES;
				CLANG_WARN_EMPTY_BODY = YES;
				CLANG_WARN_ENUM_CONVERSION = YES;
				CLANG_WARN_INFINITE_RECURSION = YES;
				CLANG_WARN_INT_CONVERSION = YES;
				CLANG_WARN_NON_LITERAL_NULL_CONVERSION = YES;
				CLANG_WARN_OBJC_IMPLICIT_RETAIN_SELF = YES;
				CLANG_WARN_OBJC_LITERAL_CONVERSION = YES;
				CLANG_WARN_OBJC_ROOT_CLASS = YES_ERROR;
				CLANG_WARN_RANGE_LOOP_ANALYSIS = YES;
				CLANG_WARN_STRICT_PROTOTYPES = YES;
				CLANG_WARN_SUSPICIOUS_MOVE = YES;
				CLANG_WARN_UNGUARDED_AVAILABILITY = YES_AGGRESSIVE;
				CLANG_WARN_UNREACHABLE_CODE = YES;
				CLANG_WARN__DUPLICATE_METHOD_MATCH = YES;
				CODE_SIGN_IDENTITY = "iPhone Developer";
				COPY_PHASE_STRIP = NO;
				DEBUG_INFORMATION_FORMAT = dwarf;
				ENABLE_STRICT_OBJC_MSGSEND = YES;
				ENABLE_TESTABILITY = YES;
				GCC_C_LANGUAGE_STANDARD = gnu11;
				GCC_DYNAMIC_NO_PIC = NO;
				GCC_NO_COMMON_BLOCKS = YES;
				GCC_OPTIMIZATION_LEVEL = 0;
				GCC_PREPROCESSOR_DEFINITIONS = (
					"DEBUG=1",
					"$(inherited)",
				);
				GCC_WARN_64_TO_32_BIT_CONVERSION = YES;
				GCC_WARN_ABOUT_RETURN_TYPE = YES_ERROR;
				GCC_WARN_UNDECLARED_SELECTOR = YES;
				GCC_WARN_UNINITIALIZED_AUTOS = YES_AGGRESSIVE;
				GCC_WARN_UNUSED_FUNCTION = YES;
				GCC_WARN_UNUSED_VARIABLE = YES;
				IPHONEOS_DEPLOYMENT_TARGET = 11.4;
				MTL_ENABLE_DEBUG_INFO = YES;
				ONLY_ACTIVE_ARCH = YES;
				SDKROOT = iphoneos;
				SWIFT_ACTIVE_COMPILATION_CONDITIONS = DEBUG;
				SWIFT_OPTIMIZATION_LEVEL = "-Onone";
			};
			name = Debug;
		};
		022662A32147F6CA00183C67 /* Release */ = {
			isa = XCBuildConfiguration;
			buildSettings = {
				ALWAYS_SEARCH_USER_PATHS = NO;
				CLANG_ANALYZER_NONNULL = YES;
				CLANG_ANALYZER_NUMBER_OBJECT_CONVERSION = YES_AGGRESSIVE;
				CLANG_CXX_LANGUAGE_STANDARD = "gnu++14";
				CLANG_CXX_LIBRARY = "libc++";
				CLANG_ENABLE_MODULES = YES;
				CLANG_ENABLE_OBJC_ARC = YES;
				CLANG_ENABLE_OBJC_WEAK = YES;
				CLANG_WARN_BLOCK_CAPTURE_AUTORELEASING = YES;
				CLANG_WARN_BOOL_CONVERSION = YES;
				CLANG_WARN_COMMA = YES;
				CLANG_WARN_CONSTANT_CONVERSION = YES;
				CLANG_WARN_DEPRECATED_OBJC_IMPLEMENTATIONS = YES;
				CLANG_WARN_DIRECT_OBJC_ISA_USAGE = YES_ERROR;
				CLANG_WARN_DOCUMENTATION_COMMENTS = YES;
				CLANG_WARN_EMPTY_BODY = YES;
				CLANG_WARN_ENUM_CONVERSION = YES;
				CLANG_WARN_INFINITE_RECURSION = YES;
				CLANG_WARN_INT_CONVERSION = YES;
				CLANG_WARN_NON_LITERAL_NULL_CONVERSION = YES;
				CLANG_WARN_OBJC_IMPLICIT_RETAIN_SELF = YES;
				CLANG_WARN_OBJC_LITERAL_CONVERSION = YES;
				CLANG_WARN_OBJC_ROOT_CLASS = YES_ERROR;
				CLANG_WARN_RANGE_LOOP_ANALYSIS = YES;
				CLANG_WARN_STRICT_PROTOTYPES = YES;
				CLANG_WARN_SUSPICIOUS_MOVE = YES;
				CLANG_WARN_UNGUARDED_AVAILABILITY = YES_AGGRESSIVE;
				CLANG_WARN_UNREACHABLE_CODE = YES;
				CLANG_WARN__DUPLICATE_METHOD_MATCH = YES;
				CODE_SIGN_IDENTITY = "iPhone Developer";
				COPY_PHASE_STRIP = NO;
				DEBUG_INFORMATION_FORMAT = "dwarf-with-dsym";
				ENABLE_NS_ASSERTIONS = NO;
				ENABLE_STRICT_OBJC_MSGSEND = YES;
				GCC_C_LANGUAGE_STANDARD = gnu11;
				GCC_NO_COMMON_BLOCKS = YES;
				GCC_WARN_64_TO_32_BIT_CONVERSION = YES;
				GCC_WARN_ABOUT_RETURN_TYPE = YES_ERROR;
				GCC_WARN_UNDECLARED_SELECTOR = YES;
				GCC_WARN_UNINITIALIZED_AUTOS = YES_AGGRESSIVE;
				GCC_WARN_UNUSED_FUNCTION = YES;
				GCC_WARN_UNUSED_VARIABLE = YES;
				IPHONEOS_DEPLOYMENT_TARGET = 11.4;
				MTL_ENABLE_DEBUG_INFO = NO;
				SDKROOT = iphoneos;
				SWIFT_COMPILATION_MODE = wholemodule;
				SWIFT_OPTIMIZATION_LEVEL = "-O";
				VALIDATE_PRODUCT = YES;
			};
			name = Release;
		};
		022662A52147F6CA00183C67 /* Debug */ = {
			isa = XCBuildConfiguration;
			baseConfigurationReference = 4748FCA1436EE309F98FBCFF /* Pods-SimpleClient.debug.xcconfig */;
			buildSettings = {
				ASSETCATALOG_COMPILER_APPICON_NAME = AppIcon;
				CLANG_ENABLE_MODULES = YES;
				CODE_SIGN_STYLE = Automatic;
				INFOPLIST_FILE = SimpleClient/Info.plist;
				LD_RUNPATH_SEARCH_PATHS = (
					"$(inherited)",
					"@executable_path/Frameworks",
				);
				OTHER_SWIFT_FLAGS = "$(inherited)";
				PRODUCT_BUNDLE_IDENTIFIER = com.p9soft.SimpleClient;
				PRODUCT_NAME = "$(TARGET_NAME)";
				SWIFT_OBJC_BRIDGING_HEADER = "SimpleClient/SimpleClient-Bridging-Header.h";
				SWIFT_OPTIMIZATION_LEVEL = "-Onone";
				SWIFT_VERSION = 4.0;
				TARGETED_DEVICE_FAMILY = "1,2";
			};
			name = Debug;
		};
		022662A62147F6CA00183C67 /* Release */ = {
			isa = XCBuildConfiguration;
			baseConfigurationReference = CF389C5779703EF5D5E7499E /* Pods-SimpleClient.release.xcconfig */;
			buildSettings = {
				ASSETCATALOG_COMPILER_APPICON_NAME = AppIcon;
				CLANG_ENABLE_MODULES = YES;
				CODE_SIGN_STYLE = Automatic;
				INFOPLIST_FILE = SimpleClient/Info.plist;
				LD_RUNPATH_SEARCH_PATHS = (
					"$(inherited)",
					"@executable_path/Frameworks",
				);
				OTHER_SWIFT_FLAGS = "$(inherited)";
				PRODUCT_BUNDLE_IDENTIFIER = com.p9soft.SimpleClient;
				PRODUCT_NAME = "$(TARGET_NAME)";
				SWIFT_OBJC_BRIDGING_HEADER = "SimpleClient/SimpleClient-Bridging-Header.h";
				SWIFT_VERSION = 4.0;
				TARGETED_DEVICE_FAMILY = "1,2";
			};
			name = Release;
		};
/* End XCBuildConfiguration section */

/* Begin XCConfigurationList section */
		0226628D2147F6C600183C67 /* Build configuration list for PBXProject "SimpleClient" */ = {
			isa = XCConfigurationList;
			buildConfigurations = (
				022662A22147F6CA00183C67 /* Debug */,
				022662A32147F6CA00183C67 /* Release */,
			);
			defaultConfigurationIsVisible = 0;
			defaultConfigurationName = Release;
		};
		022662A42147F6CA00183C67 /* Build configuration list for PBXNativeTarget "SimpleClient" */ = {
			isa = XCConfigurationList;
			buildConfigurations = (
				022662A52147F6CA00183C67 /* Debug */,
				022662A62147F6CA00183C67 /* Release */,
			);
			defaultConfigurationIsVisible = 0;
			defaultConfigurationName = Release;
		};
/* End XCConfigurationList section */
	};
	rootObject = 0226628A2147F6C600183C67 /* Project object */;
}
